# This file is @generated by PDM.
# It is not intended for manual editing.

[metadata]
groups = ["default"]
strategy = ["inherit_metadata"]
lock_version = "4.5.0"
content_hash = "sha256:f54fc85ee5698cfda0d3bc08ede0eac3dec88cf03f33bedc82853751cd81346e"

[[metadata.targets]]
requires_python = "==3.12.*"

[[package]]
name = "bleak"
version = "0.22.3"
requires_python = "<3.14,>=3.8"
summary = "Bluetooth Low Energy platform Agnostic Klient"
groups = ["default"]
dependencies = [
    "async-timeout<5,>=3.0.0; python_version < \"3.11\"",
    "bleak-winrt<2.0.0,>=1.2.0; platform_system == \"Windows\" and python_version < \"3.12\"",
    "dbus-fast<3,>=1.83.0; platform_system == \"Linux\"",
    "pyobjc-core<11.0,>=10.3; platform_system == \"Darwin\"",
    "pyobjc-framework-CoreBluetooth<11.0,>=10.3; platform_system == \"Darwin\"",
    "pyobjc-framework-libdispatch<11.0,>=10.3; platform_system == \"Darwin\"",
    "typing-extensions>=4.7.0; python_version < \"3.12\"",
    "winrt-Windows-Devices-Bluetooth-Advertisement<3,>=2; platform_system == \"Windows\" and python_version >= \"3.12\"",
    "winrt-Windows-Devices-Bluetooth-GenericAttributeProfile<3,>=2; platform_system == \"Windows\" and python_version >= \"3.12\"",
    "winrt-Windows-Devices-Bluetooth<3,>=2; platform_system == \"Windows\" and python_version >= \"3.12\"",
    "winrt-Windows-Devices-Enumeration<3,>=2; platform_system == \"Windows\" and python_version >= \"3.12\"",
    "winrt-Windows-Foundation-Collections<3,>=2; platform_system == \"Windows\" and python_version >= \"3.12\"",
    "winrt-Windows-Foundation<3,>=2; platform_system == \"Windows\" and python_version >= \"3.12\"",
    "winrt-Windows-Storage-Streams<3,>=2; platform_system == \"Windows\" and python_version >= \"3.12\"",
    "winrt-runtime<3,>=2; platform_system == \"Windows\" and python_version >= \"3.12\"",
]
files = [
    {file = "bleak-0.22.3-py3-none-any.whl", hash = "sha256:1e62a9f5e0c184826e6c906e341d8aca53793e4596eeaf4e0b191e7aca5c461c"},
    {file = "bleak-0.22.3.tar.gz", hash = "sha256:3149c3c19657e457727aa53d9d6aeb89658495822cd240afd8aeca4dd09c045c"},
]

[[package]]
name = "dbus-fast"
version = "2.24.4"
requires_python = "<4.0,>=3.8"
summary = "A faster version of dbus-next"
groups = ["default"]
marker = "platform_system == \"Linux\""
files = [
    {file = "dbus_fast-2.24.4-cp312-cp312-manylinux_2_17_aarch64.manylinux2014_aarch64.whl", hash = "sha256:7f02b734948b9d70c943e694a0fca5ab323a516dc2d453365c70fbe4d5e0a731"},
    {file = "dbus_fast-2.24.4-cp312-cp312-manylinux_2_17_x86_64.manylinux2014_x86_64.whl", hash = "sha256:3a1d215d9a62964a0df56ddb27f09f315903e5756920832fccb5b7990894ceb8"},
    {file = "dbus_fast-2.24.4-cp312-cp312-musllinux_1_2_aarch64.whl", hash = "sha256:99f98f15543063806350c12b0304616660c34ad6e7d252cb3b8f74dd6a7ebc52"},
    {file = "dbus_fast-2.24.4-cp312-cp312-musllinux_1_2_x86_64.whl", hash = "sha256:ef4c70d965787215717e150d961a30e8414e0822d9c070baf5d4f166fa4996ad"},
    {file = "dbus_fast-2.24.4.tar.gz", hash = "sha256:58f97e8342d6cd11ebb2c8ac959c5bb342eb83e29180528690b323a5a5def41c"},
]

[[package]]
name = "pyobjc-core"
version = "10.3.2"
requires_python = ">=3.8"
summary = "Python<->ObjC Interoperability Module"
groups = ["default"]
marker = "platform_system == \"Darwin\""
files = [
    {file = "pyobjc_core-10.3.2-cp312-cp312-macosx_10_13_universal2.whl", hash = "sha256:16644a92fb9661de841ba6115e5354db06a1d193a5e239046e840013c7b3874d"},
    {file = "pyobjc_core-10.3.2.tar.gz", hash = "sha256:dbf1475d864ce594288ce03e94e3a98dc7f0e4639971eb1e312bdf6661c21e0e"},
]

[[package]]
name = "pyobjc-framework-cocoa"
version = "10.3.2"
requires_python = ">=3.8"
summary = "Wrappers for the Cocoa frameworks on macOS"
groups = ["default"]
marker = "platform_system == \"Darwin\""
dependencies = [
    "pyobjc-core>=10.3.2",
]
files = [
    {file = "pyobjc_framework_Cocoa-10.3.2-cp312-cp312-macosx_10_13_universal2.whl", hash = "sha256:c49e99fc4b9e613fb308651b99d52a8a9ae9916c8ef27aa2f5d585b6678a59bf"},
    {file = "pyobjc_framework_cocoa-10.3.2.tar.gz", hash = "sha256:673968e5435845bef969bfe374f31a1a6dc660c98608d2b84d5cae6eafa5c39d"},
]

[[package]]
name = "pyobjc-framework-corebluetooth"
version = "10.3.2"
requires_python = ">=3.8"
summary = "Wrappers for the framework CoreBluetooth on macOS"
groups = ["default"]
marker = "platform_system == \"Darwin\""
dependencies = [
    "pyobjc-core>=10.3.2",
    "pyobjc-framework-Cocoa>=10.3.2",
]
files = [
    {file = "pyobjc_framework_CoreBluetooth-10.3.2-cp36-abi3-macosx_10_13_universal2.whl", hash = "sha256:973b78f47c7e2209a475e60bcc7d1b4a87be6645d39b4e8290ee82640e1cc364"},
    {file = "pyobjc_framework_CoreBluetooth-10.3.2-cp36-abi3-macosx_10_9_universal2.whl", hash = "sha256:4bafdf1be15eae48a4878dbbf1bf19877ce28cbbba5baa0267a9564719ee736e"},
    {file = "pyobjc_framework_CoreBluetooth-10.3.2-cp36-abi3-macosx_10_9_x86_64.whl", hash = "sha256:4d7dc7494de66c850bda7b173579df7481dc97046fa229d480fe9bf90b2b9651"},
    {file = "pyobjc_framework_CoreBluetooth-10.3.2-cp36-abi3-macosx_11_0_universal2.whl", hash = "sha256:62e09e730f4d98384f1b6d44718812195602b3c82d5c78e09f60e8a934e7b266"},
    {file = "pyobjc_framework_corebluetooth-10.3.2.tar.gz", hash = "sha256:c0a077bc3a2466271efa382c1e024630bc43cc6f9ab8f3f97431ad08b1ad52bb"},
]

[[package]]
name = "pyobjc-framework-libdispatch"
version = "10.3.2"
requires_python = ">=3.8"
summary = "Wrappers for libdispatch on macOS"
groups = ["default"]
marker = "platform_system == \"Darwin\""
dependencies = [
    "pyobjc-core>=10.3.2",
    "pyobjc-framework-Cocoa>=10.3.2",
]
files = [
    {file = "pyobjc_framework_libdispatch-10.3.2-cp312-cp312-macosx_10_13_universal2.whl", hash = "sha256:6bb528f34538f35e1b79d839dbfc398dd426990e190d9301fe2d811fddc3da62"},
    {file = "pyobjc_framework_libdispatch-10.3.2.tar.gz", hash = "sha256:e9f4311fbf8df602852557a98d2a64f37a9d363acf4d75634120251bbc7b7304"},
]

[[package]]
name = "winrt-runtime"
version = "2.3.0"
requires_python = "<3.14,>=3.9"
summary = "Python projection of Windows Runtime (WinRT) APIs"
groups = ["default"]
marker = "platform_system == \"Windows\" and python_version >= \"3.12\""
files = [
    {file = "winrt_runtime-2.3.0-cp312-cp312-win32.whl", hash = "sha256:03d3e4aedc65832e57c0dbf210ec2a9d7fb2819c74d420ba889b323e9fa5cf28"},
    {file = "winrt_runtime-2.3.0-cp312-cp312-win_amd64.whl", hash = "sha256:0dc636aec2f4ee6c3849fa59dae10c128f4a908f0ce452e91af65d812ea66dcb"},
    {file = "winrt_runtime-2.3.0-cp312-cp312-win_arm64.whl", hash = "sha256:d9f140c71e4f3bf7bf7d6853b246eab2e1632c72f218ff163aa41a74b576736f"},
    {file = "winrt_runtime-2.3.0.tar.gz", hash = "sha256:bb895a2b8c74b375781302215e2661914369c625aa1f8df84f8d37691b22db77"},
]

[[package]]
name = "winrt-windows-devices-bluetooth"
version = "2.3.0"
requires_python = "<3.14,>=3.9"
summary = "Python projection of Windows Runtime (WinRT) APIs"
groups = ["default"]
marker = "platform_system == \"Windows\" and python_version >= \"3.12\""
dependencies = [
    "winrt-runtime==2.3.0",
]
files = [
    {file = "winrt_Windows.Devices.Bluetooth-2.3.0-cp312-cp312-win32.whl", hash = "sha256:544ed169039e6d5e250323cc18c87967cfeb4d3d09ce354fd7c5fd2283f3bb98"},
    {file = "winrt_Windows.Devices.Bluetooth-2.3.0-cp312-cp312-win_amd64.whl", hash = "sha256:f7becf095bf9bc999629fcb6401a88b879c3531b3c55c820e63259c955ddc06c"},
    {file = "winrt_Windows.Devices.Bluetooth-2.3.0-cp312-cp312-win_arm64.whl", hash = "sha256:a6a2980409c855b4e5dab0be9bde9f30236292ac1fc994df959fa5a518cd6690"},
    {file = "winrt_windows_devices_bluetooth-2.3.0.tar.gz", hash = "sha256:a1204b71c369a0399ec15d9a7b7c67990dd74504e486b839bf81825bd381a837"},
]

[[package]]
name = "winrt-windows-devices-bluetooth-advertisement"
version = "2.3.0"
requires_python = "<3.14,>=3.9"
summary = "Python projection of Windows Runtime (WinRT) APIs"
groups = ["default"]
marker = "platform_system == \"Windows\" and python_version >= \"3.12\""
dependencies = [
    "winrt-runtime==2.3.0",
]
files = [
    {file = "winrt_Windows.Devices.Bluetooth.Advertisement-2.3.0-cp312-cp312-win32.whl", hash = "sha256:d729d989acd7c1d703e2088299b6e219089a415db4a7b80cd52fdc507ec3ce95"},
    {file = "winrt_Windows.Devices.Bluetooth.Advertisement-2.3.0-cp312-cp312-win_amd64.whl", hash = "sha256:1d3d258d4388a2b46f2e46f2fbdede1bf327eaa9c2dd4605f8a7fe454077c49e"},
    {file = "winrt_Windows.Devices.Bluetooth.Advertisement-2.3.0-cp312-cp312-win_arm64.whl", hash = "sha256:d8c12457b00a79f8f1058d7a51bd8e7f177fb66e31389469e75b1104f6358921"},
    {file = "winrt_windows_devices_bluetooth_advertisement-2.3.0.tar.gz", hash = "sha256:c8adbec690b765ca70337c35efec9910b0937a40a0a242184ea295367137f81c"},
]

[[package]]
name = "winrt-windows-devices-bluetooth-genericattributeprofile"
version = "2.3.0"
requires_python = "<3.14,>=3.9"
summary = "Python projection of Windows Runtime (WinRT) APIs"
groups = ["default"]
marker = "platform_system == \"Windows\" and python_version >= \"3.12\""
dependencies = [
    "winrt-runtime==2.3.0",
]
files = [
    {file = "winrt_Windows.Devices.Bluetooth.GenericAttributeProfile-2.3.0-cp312-cp312-win32.whl", hash = "sha256:1b97ef2ab9c9f5bae984989a47565d0d19c84969d74982a2664a4a3485cb8274"},
    {file = "winrt_Windows.Devices.Bluetooth.GenericAttributeProfile-2.3.0-cp312-cp312-win_amd64.whl", hash = "sha256:5fac2c7b301fa70e105785d7504176c76e4d824fc3823afed4d1ab6a7682272c"},
    {file = "winrt_Windows.Devices.Bluetooth.GenericAttributeProfile-2.3.0-cp312-cp312-win_arm64.whl", hash = "sha256:353fdccf2398b2a12e0835834cff8143a7efd9ba877fb5820fdcce531732b500"},
    {file = "winrt_windows_devices_bluetooth_genericattributeprofile-2.3.0.tar.gz", hash = "sha256:f40f94bf2f7243848dc10e39cfde76c9044727a05e7e5dfb8cb7f062f3fd3dda"},
]

[[package]]
name = "winrt-windows-devices-enumeration"
version = "2.3.0"
requires_python = "<3.14,>=3.9"
summary = "Python projection of Windows Runtime (WinRT) APIs"
groups = ["default"]
marker = "platform_system == \"Windows\" and python_version >= \"3.12\""
dependencies = [
    "winrt-runtime==2.3.0",
]
files = [
    {file = "winrt_Windows.Devices.Enumeration-2.3.0-cp312-cp312-win32.whl", hash = "sha256:42ed0349f0290a1b0a101425a06196c5d5db1240db6f8bd7d2204f23c48d727b"},
    {file = "winrt_Windows.Devices.Enumeration-2.3.0-cp312-cp312-win_amd64.whl", hash = "sha256:83e385fbf85b9511699d33c659673611f42b98bd3a554a85b377a34cc3b68b2e"},
    {file = "winrt_Windows.Devices.Enumeration-2.3.0-cp312-cp312-win_arm64.whl", hash = "sha256:26f855caee61c12449c6b07e22ea1ad470f8daa24223d8581e1fe622c70b48a8"},
    {file = "winrt_windows_devices_enumeration-2.3.0.tar.gz", hash = "sha256:a14078aac41432781acb0c950fcdcdeb096e2f80f7591a3d46435f30221fc3eb"},
]

[[package]]
name = "winrt-windows-foundation"
version = "2.3.0"
requires_python = "<3.14,>=3.9"
summary = "Python projection of Windows Runtime (WinRT) APIs"
groups = ["default"]
marker = "platform_system == \"Windows\" and python_version >= \"3.12\""
dependencies = [
    "winrt-runtime==2.3.0",
]
files = [
    {file = "winrt_Windows.Foundation-2.3.0-cp312-cp312-win32.whl", hash = "sha256:d36f472ac258e79eee6061e1bb4ce50bfd200f9271392d23479c800ca6aee8d1"},
    {file = "winrt_Windows.Foundation-2.3.0-cp312-cp312-win_amd64.whl", hash = "sha256:8de9b5e95a3fdabdb45b1952e05355dd5a678f80bf09a54d9f966dccc805b383"},
    {file = "winrt_Windows.Foundation-2.3.0-cp312-cp312-win_arm64.whl", hash = "sha256:37da09c08c9c772baedb1958e5ee116fe63809f33c6820c69750f340b3dda292"},
    {file = "winrt_windows_foundation-2.3.0.tar.gz", hash = "sha256:c5766f011c8debbe89b460af4a97d026ca252144e62d7278c9c79c5581ea0c02"},
]

[[package]]
name = "winrt-windows-foundation-collections"
version = "2.3.0"
requires_python = "<3.14,>=3.9"
summary = "Python projection of Windows Runtime (WinRT) APIs"
groups = ["default"]
marker = "platform_system == \"Windows\" and python_version >= \"3.12\""
dependencies = [
    "winrt-runtime==2.3.0",
]
files = [
    {file = "winrt_Windows.Foundation.Collections-2.3.0-cp312-cp312-win32.whl", hash = "sha256:498c1fc403d3dc7a091aaac92af471615de4f9550d544347cb3b169c197183b5"},
    {file = "winrt_Windows.Foundation.Collections-2.3.0-cp312-cp312-win_amd64.whl", hash = "sha256:4d1b1cacc159f38d8e6b662f6e7a5c41879a36aa7434c1580d7f948c9037419e"},
    {file = "winrt_Windows.Foundation.Collections-2.3.0-cp312-cp312-win_arm64.whl", hash = "sha256:398d93b76a2cf70d5e75c1f802e1dd856501e63bc9a31f4510ac59f718951b9e"},
    {file = "winrt_windows_foundation_collections-2.3.0.tar.gz", hash = "sha256:15c997fd6b64ef0400a619319ea3c6851c9c24e31d51b6448ba9bac3616d25a0"},
]

[[package]]
name = "winrt-windows-storage-streams"
version = "2.3.0"
requires_python = "<3.14,>=3.9"
summary = "Python projection of Windows Runtime (WinRT) APIs"
groups = ["default"]
marker = "platform_system == \"Windows\" and python_version >= \"3.12\""
dependencies = [
    "winrt-runtime==2.3.0",
]
files = [
    {file = "winrt_Windows.Storage.Streams-2.3.0-cp312-cp312-win32.whl", hash = "sha256:272e87e6c74cb2832261ab33db7966a99e7a2400240cc4f8bf526a80ca054c68"},
    {file = "winrt_Windows.Storage.Streams-2.3.0-cp312-cp312-win_amd64.whl", hash = "sha256:997bf1a2d52c5f104b172947e571f27d9916a4409b4da592ec3e7f907848dd1a"},
    {file = "winrt_Windows.Storage.Streams-2.3.0-cp312-cp312-win_arm64.whl", hash = "sha256:d56daa00205c24ede6669d41eb70d6017e0202371d99f8ee2b0b31350ab59bd5"},
    {file = "winrt_windows_storage_streams-2.3.0.tar.gz", hash = "sha256:d2c010beeb1dd7c135ed67ecfaea13440474a7c469e2e9aa2852db27d2063d44"},
]
